
Microsoft Visual Studio Solution File, Format Version 12.00
# Visual Studio Version 17
VisualStudioVersion = 17.5.33516.290
MinimumVisualStudioVersion = 10.0.40219.1
Project("{9A19103F-16F7-4668-BE54-9A1E7A4F7556}") = "Lyricify.Lyrics.Helper", "Lyricify.Lyrics.Helper\Lyricify.Lyrics.Helper.csproj", "{746AD7F2-C4F5-48D1-B077-6DD4E6568B39}"
EndProject
Project("{FAE04EC0-301F-11D3-BF4B-00C04F79EFBC}") = "Lyricify.Lyrics.Demo", "Lyricify.Lyrics.Demo\Lyricify.Lyrics.Demo.csproj", "{BE7F184B-5228-4669-A4FB-2BA3B20C1744}"
EndProject
Project("{2150E333-8FDC-42A3-9474-1A3956D46DE8}") = "program", "program", "{511FBB2F-302C-50F8-C590-63AE51149CBF}"
EndProject
Project("{FAE04EC0-301F-11D3-BF4B-00C04F79EFBC}") = "program", "program\program\program.csproj", "{94242FBC-F0AD-423C-88FF-72E3E11908A7}"
EndProject
Global
	GlobalSection(SolutionConfigurationPlatforms) = preSolution
		Debug|Any CPU = Debug|Any CPU
		Debug|x64 = Debug|x64
		Debug|x86 = Debug|x86
		Release|Any CPU = Release|Any CPU
		Release|x64 = Release|x64
		Release|x86 = Release|x86
	EndGlobalSection
	GlobalSection(ProjectConfigurationPlatforms) = postSolution
		{746AD7F2-C4F5-48D1-B077-6DD4E6568B39}.Debug|Any CPU.ActiveCfg = Debug|Any CPU
		{746AD7F2-C4F5-48D1-B077-6DD4E6568B39}.Debug|Any CPU.Build.0 = Debug|Any CPU
		{746AD7F2-C4F5-48D1-B077-6DD4E6568B39}.Debug|x64.ActiveCfg = Debug|Any CPU
		{746AD7F2-C4F5-48D1-B077-6DD4E6568B39}.Debug|x64.Build.0 = Debug|Any CPU
		{746AD7F2-C4F5-48D1-B077-6DD4E6568B39}.Debug|x86.ActiveCfg = Debug|Any CPU
		{746AD7F2-C4F5-48D1-B077-6DD4E6568B39}.Debug|x86.Build.0 = Debug|Any CPU
		{746AD7F2-C4F5-48D1-B077-6DD4E6568B39}.Release|Any CPU.ActiveCfg = Release|Any CPU
		{746AD7F2-C4F5-48D1-B077-6DD4E6568B39}.Release|Any CPU.Build.0 = Release|Any CPU
		{746AD7F2-C4F5-48D1-B077-6DD4E6568B39}.Release|x64.ActiveCfg = Release|Any CPU
		{746AD7F2-C4F5-48D1-B077-6DD4E6568B39}.Release|x64.Build.0 = Release|Any CPU
		{746AD7F2-C4F5-48D1-B077-6DD4E6568B39}.Release|x86.ActiveCfg = Release|Any CPU
		{746AD7F2-C4F5-48D1-B077-6DD4E6568B39}.Release|x86.Build.0 = Release|Any CPU
		{BE7F184B-5228-4669-A4FB-2BA3B20C1744}.Debug|Any CPU.ActiveCfg = Debug|Any CPU
		{BE7F184B-5228-4669-A4FB-2BA3B20C1744}.Debug|Any CPU.Build.0 = Debug|Any CPU
		{BE7F184B-5228-4669-A4FB-2BA3B20C1744}.Debug|x64.ActiveCfg = Debug|Any CPU
		{BE7F184B-5228-4669-A4FB-2BA3B20C1744}.Debug|x64.Build.0 = Debug|Any CPU
		{BE7F184B-5228-4669-A4FB-2BA3B20C1744}.Debug|x86.ActiveCfg = Debug|Any CPU
		{BE7F184B-5228-4669-A4FB-2BA3B20C1744}.Debug|x86.Build.0 = Debug|Any CPU
		{BE7F184B-5228-4669-A4FB-2BA3B20C1744}.Release|Any CPU.ActiveCfg = Release|Any CPU
		{BE7F184B-5228-4669-A4FB-2BA3B20C1744}.Release|Any CPU.Build.0 = Release|Any CPU
		{BE7F184B-5228-4669-A4FB-2BA3B20C1744}.Release|x64.ActiveCfg = Release|Any CPU
		{BE7F184B-5228-4669-A4FB-2BA3B20C1744}.Release|x64.Build.0 = Release|Any CPU
		{BE7F184B-5228-4669-A4FB-2BA3B20C1744}.Release|x86.ActiveCfg = Release|Any CPU
		{BE7F184B-5228-4669-A4FB-2BA3B20C1744}.Release|x86.Build.0 = Release|Any CPU
		{94242FBC-F0AD-423C-88FF-72E3E11908A7}.Debug|Any CPU.ActiveCfg = Debug|Any CPU
		{94242FBC-F0AD-423C-88FF-72E3E11908A7}.Debug|Any CPU.Build.0 = Debug|Any CPU
		{94242FBC-F0AD-423C-88FF-72E3E11908A7}.Debug|x64.ActiveCfg = Debug|Any CPU
		{94242FBC-F0AD-423C-88FF-72E3E11908A7}.Debug|x64.Build.0 = Debug|Any CPU
		{94242FBC-F0AD-423C-88FF-72E3E11908A7}.Debug|x86.ActiveCfg = Debug|Any CPU
		{94242FBC-F0AD-423C-88FF-72E3E11908A7}.Debug|x86.Build.0 = Debug|Any CPU
		{94242FBC-F0AD-423C-88FF-72E3E11908A7}.Release|Any CPU.ActiveCfg = Release|Any CPU
		{94242FBC-F0AD-423C-88FF-72E3E11908A7}.Release|Any CPU.Build.0 = Release|Any CPU
		{94242FBC-F0AD-423C-88FF-72E3E11908A7}.Release|x64.ActiveCfg = Release|Any CPU
		{94242FBC-F0AD-423C-88FF-72E3E11908A7}.Release|x64.Build.0 = Release|Any CPU
		{94242FBC-F0AD-423C-88FF-72E3E11908A7}.Release|x86.ActiveCfg = Release|Any CPU
		{94242FBC-F0AD-423C-88FF-72E3E11908A7}.Release|x86.Build.0 = Release|Any CPU
	EndGlobalSection
	GlobalSection(SolutionProperties) = preSolution
		HideSolutionNode = FALSE
	EndGlobalSection
	GlobalSection(NestedProjects) = preSolution
		{94242FBC-F0AD-423C-88FF-72E3E11908A7} = {511FBB2F-302C-50F8-C590-63AE51149CBF}
	EndGlobalSection
	GlobalSection(ExtensibilityGlobals) = postSolution
		SolutionGuid = {19B924E3-FFBF-4514-B4C0-F50EBF136B4A}
	EndGlobalSection
EndGlobal
